// !$*UTF8*$!
{
	archiveVersion = 1;
	classes = {
	};
	objectVersion = 46;
	objects = {

/* Begin PBXBuildFile section */
		D159820F1BEFFF5B00C0C8D3 /* AppDelegate.swift in Sources */ = {isa = PBXBuildFile; fileRef = D159820E1BEFFF5B00C0C8D3 /* AppDelegate.swift */; };
		D15982111BEFFF5B00C0C8D3 /* ViewController.swift in Sources */ = {isa = PBXBuildFile; fileRef = D15982101BEFFF5B00C0C8D3 /* ViewController.swift */; };
		D15982141BEFFF5B00C0C8D3 /* Main.storyboard in Resources */ = {isa = PBXBuildFile; fileRef = D15982121BEFFF5B00C0C8D3 /* Main.storyboard */; };
		D15982161BEFFF5B00C0C8D3 /* Assets.xcassets in Resources */ = {isa = PBXBuildFile; fileRef = D15982151BEFFF5B00C0C8D3 /* Assets.xcassets */; };
		D15982191BEFFF5B00C0C8D3 /* LaunchScreen.storyboard in Resources */ = {isa = PBXBuildFile; fileRef = D15982171BEFFF5B00C0C8D3 /* LaunchScreen.storyboard */; };
		D15982211BF023F700C0C8D3 /* TemplateEditorViewController.swift in Sources */ = {isa = PBXBuildFile; fileRef = D15982201BF023F700C0C8D3 /* TemplateEditorViewController.swift */; settings = {ASSET_TAGS = (); }; };
		D15982231BF1629700C0C8D3 /* StoryOutputViewController.swift in Sources */ = {isa = PBXBuildFile; fileRef = D15982221BF1629700C0C8D3 /* StoryOutputViewController.swift */; settings = {ASSET_TAGS = (); }; };
/* End PBXBuildFile section */

/* Begin PBXFileReference section */
		D159820B1BEFFF5B00C0C8D3 /* MadLibs2.app */ = {isa = PBXFileReference; explicitFileType = wrapper.application; includeInIndex = 0; path = MadLibs2.app; sourceTree = BUILT_PRODUCTS_DIR; };
		D159820E1BEFFF5B00C0C8D3 /* AppDelegate.swift */ = {isa = PBXFileReference; lastKnownFileType = sourcecode.swift; path = AppDelegate.swift; sourceTree = "<group>"; };
		D15982101BEFFF5B00C0C8D3 /* ViewController.swift */ = {isa = PBXFileReference; lastKnownFileType = sourcecode.swift; path = ViewController.swift; sourceTree = "<group>"; };
		D15982131BEFFF5B00C0C8D3 /* Base */ = {isa = PBXFileReference; lastKnownFileType = file.storyboard; name = Base; path = Base.lproj/Main.storyboard; sourceTree = "<group>"; };
		D15982151BEFFF5B00C0C8D3 /* Assets.xcassets */ = {isa = PBXFileReference; lastKnownFileType = folder.assetcatalog; path = Assets.xcassets; sourceTree = "<group>"; };
		D15982181BEFFF5B00C0C8D3 /* Base */ = {isa = PBXFileReference; lastKnownFileType = file.storyboard; name = Base; path = Base.lproj/LaunchScreen.storyboard; sourceTree = "<group>"; };
		D159821A1BEFFF5B00C0C8D3 /* Info.plist */ = {isa = PBXFileReference; lastKnownFileType = text.plist.xml; path = Info.plist; sourceTree = "<group>"; };
		D15982201BF023F700C0C8D3 /* TemplateEditorViewController.swift */ = {isa = PBXFileReference; fileEncoding = 4; lastKnownFileType = sourcecode.swift; path = TemplateEditorViewController.swift; sourceTree = "<group>"; };
		D15982221BF1629700C0C8D3 /* StoryOutputViewController.swift */ = {isa = PBXFileReference; fileEncoding = 4; lastKnownFileType = sourcecode.swift; path = StoryOutputViewController.swift; sourceTree = "<group>"; };
/* End PBXFileReference section */

/* Begin PBXFrameworksBuildPhase section */
		D15982081BEFFF5B00C0C8D3 /* Frameworks */ = {
			isa = PBXFrameworksBuildPhase;
			buildActionMask = 2147483647;
			files = (
			);
			runOnlyForDeploymentPostprocessing = 0;
		};
/* End PBXFrameworksBuildPhase section */

/* Begin PBXGroup section */
		D15982021BEFFF5B00C0C8D3 = {
			isa = PBXGroup;
			children = (
				D159820D1BEFFF5B00C0C8D3 /* MadLibs2 */,
				D159820C1BEFFF5B00C0C8D3 /* Products */,
			);
			sourceTree = "<group>";
		};
		D159820C1BEFFF5B00C0C8D3 /* Products */ = {
			isa = PBXGroup;
			children = (
				D159820B1BEFFF5B00C0C8D3 /* MadLibs2.app */,
			);
			name = Products;
			sourceTree = "<group>";
		};
		D159820D1BEFFF5B00C0C8D3 /* MadLibs2 */ = {
			isa = PBXGroup;
			children = (
				D159820E1BEFFF5B00C0C8D3 /* AppDelegate.swift */,
				D15982101BEFFF5B00C0C8D3 /* ViewController.swift */,
				D15982121BEFFF5B00C0C8D3 /* Main.storyboard */,
				D15982221BF1629700C0C8D3 /* StoryOutputViewController.swift */,
				D15982201BF023F700C0C8D3 /* TemplateEditorViewController.swift */,
				D15982151BEFFF5B00C0C8D3 /* Assets.xcassets */,
				D15982171BEFFF5B00C0C8D3 /* LaunchScreen.storyboard */,
				D159821A1BEFFF5B00C0C8D3 /* Info.plist */,
			);
			path = MadLibs2;
			sourceTree = "<group>";
		};
/* End PBXGroup section */

/* Begin PBXNativeTarget section */
		D159820A1BEFFF5B00C0C8D3 /* MadLibs2 */ = {
			isa = PBXNativeTarget;
			buildConfigurationList = D159821D1BEFFF5B00C0C8D3 /* Build configuration list for PBXNativeTarget "MadLibs2" */;
			buildPhases = (
				D15982071BEFFF5B00C0C8D3 /* Sources */,
				D15982081BEFFF5B00C0C8D3 /* Frameworks */,
				D15982091BEFFF5B00C0C8D3 /* Resources */,
			);
			buildRules = (
			);
			dependencies = (
			);
			name = MadLibs2;
			productName = MadLibs2;
			productReference = D159820B1BEFFF5B00C0C8D3 /* MadLibs2.app */;
			productType = "com.apple.product-type.application";
		};
/* End PBXNativeTarget section */

/* Begin PBXProject section */
		D15982031BEFFF5B00C0C8D3 /* Project object */ = {
			isa = PBXProject;
			attributes = {
				LastUpgradeCheck = 0700;
				ORGANIZATIONNAME = "Abstract Evolution";
				TargetAttributes = {
					D159820A1BEFFF5B00C0C8D3 = {
						CreatedOnToolsVersion = 7.0;
					};
				};
			};
			buildConfigurationList = D15982061BEFFF5B00C0C8D3 /* Build configuration list for PBXProject "MadLibs2" */;
			compatibilityVersion = "Xcode 3.2";
			developmentRegion = English;
			hasScannedForEncodings = 0;
			knownRegions = (
				en,
				Base,
			);
			mainGroup = D15982021BEFFF5B00C0C8D3;
			productRefGroup = D159820C1BEFFF5B00C0C8D3 /* Products */;
			projectDirPath = "";
			projectRoot = "";
			targets = (
				D159820A1BEFFF5B00C0C8D3 /* MadLibs2 */,
			);
		};
/* End PBXProject section */

/* Begin PBXResourcesBuildPhase section */
		D15982091BEFFF5B00C0C8D3 /* Resources */ = {
			isa = PBXResourcesBuildPhase;
			buildActionMask = 2147483647;
			files = (
				D15982191BEFFF5B00C0C8D3 /* LaunchScreen.storyboard in Resources */,
				D15982161BEFFF5B00C0C8D3 /* Assets.xcassets in Resources */,
				D15982141BEFFF5B00C0C8D3 /* Main.storyboard in Resources */,
			);
			runOnlyForDeploymentPostprocessing = 0;
		};
/* End PBXResourcesBuildPhase section */

/* Begin PBXSourcesBuildPhase section */
		D15982071BEFFF5B00C0C8D3 /* Sources */ = {
			isa = PBXSourcesBuildPhase;
			buildActionMask = 2147483647;
			files = (
				D15982211BF023F700C0C8D3 /* TemplateEditorViewController.swift in Sources */,
				D15982111BEFFF5B00C0C8D3 /* ViewController.swift in Sources */,
				D159820F1BEFFF5B00C0C8D3 /* AppDelegate.swift in Sources */,
				D15982231BF1629700C0C8D3 /* StoryOutputViewController.swift in Sources */,
			);
			runOnlyForDeploymentPostprocessing = 0;
		};
/* End PBXSourcesBuildPhase section */

/* Begin PBXVariantGroup section */
		D15982121BEFFF5B00C0C8D3 /* Main.storyboard */ = {
			isa = PBXVariantGroup;
			children = (
				D15982131BEFFF5B00C0C8D3 /* Base */,
			);
			name = Main.storyboard;
			sourceTree = "<group>";
		};
		D15982171BEFFF5B00C0C8D3 /* LaunchScreen.storyboard */ = {
			isa = PBXVariantGroup;
			children = (
				D15982181BEFFF5B00C0C8D3 /* Base */,
			);
			name = LaunchScreen.storyboard;
			sourceTree = "<group>";
		};
/* End PBXVariantGroup section */

/* Begin XCBuildConfiguration section */
		D159821B1BEFFF5B00C0C8D3 /* Debug */ = {
			isa = XCBuildConfiguration;
			buildSettings = {
				ALWAYS_SEARCH_USER_PATHS = NO;
				CLANG_CXX_LANGUAGE_STANDARD = "gnu++0x";
				CLANG_CXX_LIBRARY = "libc++";
				CLANG_ENABLE_MODULES = YES;
				CLANG_ENABLE_OBJC_ARC = YES;
				CLANG_WARN_BOOL_CONVERSION = YES;
				CLANG_WARN_CONSTANT_CONVERSION = YES;
				CLANG_WARN_DIRECT_OBJC_ISA_USAGE = YES_ERROR;
				CLANG_WARN_EMPTY_BODY = YES;
				CLANG_WARN_ENUM_CONVERSION = YES;
				CLANG_WARN_INT_CONVERSION = YES;
				CLANG_WARN_OBJC_ROOT_CLASS = YES_ERROR;
				CLANG_WARN_UNREACHABLE_CODE = YES;
				CLANG_WARN__DUPLICATE_METHOD_MATCH = YES;
				"CODE_SIGN_IDENTITY[sdk=iphoneos*]" = "iPhone Developer";
				COPY_PHASE_STRIP = NO;
				DEBUG_INFORMATION_FORMAT = dwarf;
				ENABLE_STRICT_OBJC_MSGSEND = YES;
				ENABLE_TESTABILITY = YES;
				GCC_C_LANGUAGE_STANDARD = gnu99;
				GCC_DYNAMIC_NO_PIC = NO;
				GCC_NO_COMMON_BLOCKS = YES;
				GCC_OPTIMIZATION_LEVEL = 0;
				GCC_PREPROCESSOR_DEFINITIONS = (
					"DEBUG=1",
					"$(inherited)",
				);
				GCC_WARN_64_TO_32_BIT_CONVERSION = YES;
				GCC_WARN_ABOUT_RETURN_TYPE = YES_ERROR;
				GCC_WARN_UNDECLARED_SELECTOR = YES;
				GCC_WARN_UNINITIALIZED_AUTOS = YES_AGGRESSIVE;
				GCC_WARN_UNUSED_FUNCTION = YES;
				GCC_WARN_UNUSED_VARIABLE = YES;
				IPHONEOS_DEPLOYMENT_TARGET = 9.0;
				MTL_ENABLE_DEBUG_INFO = YES;
				ONLY_ACTIVE_ARCH = YES;
				SDKROOT = iphoneos;
				SWIFT_OPTIMIZATION_LEVEL = "-Onone";
			};
			name = Debug;
		};
		D159821C1BEFFF5B00C0C8D3 /* Release */ = {
			isa = XCBuildConfiguration;
			buildSettings = {
				ALWAYS_SEARCH_USER_PATHS = NO;
				CLANG_CXX_LANGUAGE_STANDARD = "gnu++0x";
				CLANG_CXX_LIBRARY = "libc++";
				CLANG_ENABLE_MODULES = YES;
				CLANG_ENABLE_OBJC_ARC = YES;
				CLANG_WARN_BOOL_CONVERSION = YES;
				CLANG_WARN_CONSTANT_CONVERSION = YES;
				CLANG_WARN_DIRECT_OBJC_ISA_USAGE = YES_ERROR;
				CLANG_WARN_EMPTY_BODY = YES;
				CLANG_WARN_ENUM_CONVERSION = YES;
				CLANG_WARN_INT_CONVERSION = YES;
				CLANG_WARN_OBJC_ROOT_CLASS = YES_ERROR;
				CLANG_WARN_UNREACHABLE_CODE = YES;
				CLANG_WARN__DUPLICATE_METHOD_MATCH = YES;
				"CODE_SIGN_IDENTITY[sdk=iphoneos*]" = "iPhone Developer";
				COPY_PHASE_STRIP = NO;
				DEBUG_INFORMATION_FORMAT = "dwarf-with-dsym";
				ENABLE_NS_ASSERTIONS = NO;
				ENABLE_STRICT_OBJC_MSGSEND = YES;
				GCC_C_LANGUAGE_STANDARD = gnu99;
				GCC_NO_COMMON_BLOCKS = YES;
				GCC_WARN_64_TO_32_BIT_CONVERSION = YES;
				GCC_WARN_ABOUT_RETURN_TYPE = YES_ERROR;
				GCC_WARN_UNDECLARED_SELECTOR = YES;
				GCC_WARN_UNINITIALIZED_AUTOS = YES_AGGRESSIVE;
				GCC_WARN_UNUSED_FUNCTION = YES;
				GCC_WARN_UNUSED_VARIABLE = YES;
				IPHONEOS_DEPLOYMENT_TARGET = 9.0;
				MTL_ENABLE_DEBUG_INFO = NO;
				SDKROOT = iphoneos;
				VALIDATE_PRODUCT = YES;
			};
			name = Release;
		};
		D159821E1BEFFF5B00C0C8D3 /* Debug */ = {
			isa = XCBuildConfiguration;
			buildSettings = {
				ASSETCATALOG_COMPILER_APPICON_NAME = AppIcon;
				INFOPLIST_FILE = MadLibs2/Info.plist;
				LD_RUNPATH_SEARCH_PATHS = "$(inherited) @executable_path/Frameworks";
				PRODUCT_BUNDLE_IDENTIFIER = "com.abstract-evolution.MadLibs2";
				PRODUCT_NAME = "$(TARGET_NAME)";
			};
			name = Debug;
		};
		D159821F1BEFFF5B00C0C8D3 /* Release */ = {
			isa = XCBuildConfiguration;
			buildSettings = {
				ASSETCATALOG_COMPILER_APPICON_NAME = AppIcon;
				INFOPLIST_FILE = MadLibs2/Info.plist;
				LD_RUNPATH_SEARCH_PATHS = "$(inherited) @executable_path/Frameworks";
				PRODUCT_BUNDLE_IDENTIFIER = "com.abstract-evolution.MadLibs2";
				PRODUCT_NAME = "$(TARGET_NAME)";
			};
			name = Release;
		};
/* End XCBuildConfiguration section */

/* Begin XCConfigurationList section */
		D15982061BEFFF5B00C0C8D3 /* Build configuration list for PBXProject "MadLibs2" */ = {
			isa = XCConfigurationList;
			buildConfigurations = (
				D159821B1BEFFF5B00C0C8D3 /* Debug */,
				D159821C1BEFFF5B00C0C8D3 /* Release */,
			);
			defaultConfigurationIsVisible = 0;
			defaultConfigurationName = Release;
		};
		D159821D1BEFFF5B00C0C8D3 /* Build configuration list for PBXNativeTarget "MadLibs2" */ = {
			isa = XCConfigurationList;
			buildConfigurations = (
				D159821E1BEFFF5B00C0C8D3 /* Debug */,
				D159821F1BEFFF5B00C0C8D3 /* Release */,
			);
			defaultConfigurationIsVisible = 0;
		};
/* End XCConfigurationList section */
	};
	rootObject = D15982031BEFFF5B00C0C8D3 /* Project object */;
}
